<?xml version="1.0" encoding="utf-8"?>
<Project ToolsVersion="4.0" xmlns:atg="http://atg.xbox.com" xmlns="http://schemas.microsoft.com/developer/msbuild/2003">
  <ItemGroup>
    <Filter Include="Resource Files">
      <UniqueIdentifier>{8e114980-c1a3-4ada-ad7c-83caadf5daeb}</UniqueIdentifier>
      <Extensions>rc;ico;cur;bmp;dlg;rc2;rct;bin;rgs;gif;jpg;jpeg;jpe</Extensions>
    </Filter>
    <Filter Include="Shaders">
      <UniqueIdentifier>{2c3d4c8c-5d1a-459a-a05a-a4e4b608a44e}</UniqueIdentifier>
      <Extensions>fx;fxh;hlsl</Extensions>
    </Filter>
    <Filter Include="Resource Files\Textures">
      <UniqueIdentifier>{84a4d56f-682d-4b12-a7c9-064cc08bce09}</UniqueIdentifier>
    </Filter>
    <Filter Include="CPP">
      <UniqueIdentifier>{03f0b66d-b723-4c19-80fe-ae1409b37c5f}</UniqueIdentifier>
    </Filter>
    <Filter Include="Headers">
      <UniqueIdentifier>{099e367b-2a50-4f92-8b43-20717b5f54b9}</UniqueIdentifier>
    </Filter>
  </ItemGroup>
  <ItemGroup>
    <ClInclude Include="Appearance.h">
      <Filter>Headers</Filter>
    </ClInclude>
    <ClInclude Include="Application.h">
      <Filter>Headers</Filter>
    </ClInclude>
    <ClInclude Include="Camera.h">
      <Filter>Headers</Filter>
    </ClInclude>
    <ClInclude Include="DDSTextureLoader.h">
      <Filter>Headers</Filter>
    </ClInclude>
    <ClInclude Include="GameObject.h">
      <Filter>Headers</Filter>
    </ClInclude>
    <ClInclude Include="ParticleModel.h">
      <Filter>Headers</Filter>
    </ClInclude>
    <ClInclude Include="Transform.h">
      <Filter>Headers</Filter>
    </ClInclude>
    <ClInclude Include="OBJLoader.h">
      <Filter>Headers</Filter>
    </ClInclude>
    <ClInclude Include="Structures.h">
      <Filter>Headers</Filter>
    </ClInclude>
    <ClInclude Include="CarParticleModel.h">
      <Filter>Headers</Filter>
    </ClInclude>
    <ClInclude Include="Plane.h">
      <Filter>Headers</Filter>
    </ClInclude>
    <ClInclude Include="PlaneParticleModel.h">
      <Filter>Headers</Filter>
    </ClInclude>
    <ClInclude Include="Particle.h">
      <Filter>Headers</Filter>
    </ClInclude>
    <ClInclude Include="ParticleSystem.h">
      <Filter>Headers</Filter>
    </ClInclude>
    <ClInclude Include="CubePoint.h">
      <Filter>Headers</Filter>
    </ClInclude>
    <ClInclude Include="Cube.h">
      <Filter>Headers</Filter>
    </ClInclude>
  </ItemGroup>
  <ItemGroup>
    <ClCompile Include="Appearance.cpp">
      <Filter>CPP</Filter>
    </ClCompile>
    <ClCompile Include="Application.cpp">
      <Filter>CPP</Filter>
    </ClCompile>
    <ClCompile Include="Camera.cpp">
      <Filter>CPP</Filter>
    </ClCompile>
    <ClCompile Include="DDSTextureLoader.cpp">
      <Filter>CPP</Filter>
    </ClCompile>
    <ClCompile Include="GameObject.cpp">
      <Filter>CPP</Filter>
    </ClCompile>
    <ClCompile Include="ParticleModel.cpp">
      <Filter>CPP</Filter>
    </ClCompile>
    <ClCompile Include="Transform.cpp">
      <Filter>CPP</Filter>
    </ClCompile>
    <ClCompile Include="Main.cpp">
      <Filter>CPP</Filter>
    </ClCompile>
    <ClCompile Include="OBJLoader.cpp">
      <Filter>CPP</Filter>
    </ClCompile>
    <ClCompile Include="CarParticleModel.cpp">
      <Filter>CPP</Filter>
    </ClCompile>
    <ClCompile Include="Plane.cpp">
      <Filter>CPP</Filter>
    </ClCompile>
    <ClCompile Include="PlaneParticleModel.cpp">
      <Filter>CPP</Filter>
    </ClCompile>
    <ClCompile Include="Particle.cpp">
      <Filter>CPP</Filter>
    </ClCompile>
    <ClCompile Include="ParticleSystem.cpp">
      <Filter>CPP</Filter>
    </ClCompile>
    <ClCompile Include="Cube.cpp">
      <Filter>CPP</Filter>
    </ClCompile>
    <ClCompile Include="CubePoint.cpp">
      <Filter>CPP</Filter>
    </ClCompile>
  </ItemGroup>
  <ItemGroup>
    <CLInclude Include="resource.h">
      <Filter>Resource Files</Filter>
    </CLInclude>
  </ItemGroup>
  <ItemGroup>
    <ResourceCompile Include="DX11 Framework.rc">
      <Filter>Resource Files</Filter>
    </ResourceCompile>
  </ItemGroup>
  <ItemGroup>
    <FxCompile Include="DX11 Framework.fx">
      <Filter>Shaders</Filter>
    </FxCompile>
  </ItemGroup>
  <ItemGroup>
    <Image Include="Resources\floor.dds">
      <Filter>Resource Files\Textures</Filter>
    </Image>
    <Image Include="Resources\stone.dds">
      <Filter>Resource Files\Textures</Filter>
    </Image>
  </ItemGroup>
</Project>